# This file is autogenerated, do not edit; changes may be undone by the next 'dep ensure'.


[[projects]]
  branch = "master"
  name = "golang.org/x/crypto"
  packages = [
    "bcrypt",
    "blowfish"
  ]
  revision = "13931e22f9e72ea58bb73048bc752b48c6d4d4ac"

[solve-meta]
  analyzer-name = "dep"
  analyzer-version = 1
  inputs-digest = "a0b0b08de3e66a9e5558eaca40ab59cab7d27dbafe9eaf33270a314437c749a0"
  solver-name = "gps-cdcl"
  solver-version = 1
